
Microsoft Visual Studio Solution File, Format Version 12.00
# Visual Studio Version 17
VisualStudioVersion = 17.9.34714.143
MinimumVisualStudioVersion = 10.0.40219.1
Project("{2150E333-8FDC-42A3-9474-1A3956D46DE8}") = "src", "src", "{EF5097A2-4287-4B3A-8DC6-0AE6E7A1057F}"
EndProject
Project("{9A19103F-16F7-4668-BE54-9A1E7A4F7556}") = "AuctionApp.Application", "src\AuctionApp.Application\AuctionApp.Application.csproj", "{B764AB6B-0F5F-4B27-9B3B-8F9E3D1B4929}"
EndProject
Project("{9A19103F-16F7-4668-BE54-9A1E7A4F7556}") = "AuctionApp.Domain", "src\AuctionApp.Domain\AuctionApp.Domain.csproj", "{B4567A44-0C55-41F0-BCD9-2ED0F94F0077}"
EndProject
Project("{9A19103F-16F7-4668-BE54-9A1E7A4F7556}") = "AuctionApp.Infrastructure", "src\AuctionApp.Infrastructure\AuctionApp.Infrastructure.csproj", "{BA076AD2-EBE1-43E5-A3C5-C5443DB3C988}"
EndProject
Project("{9A19103F-16F7-4668-BE54-9A1E7A4F7556}") = "AuctionApp.Presentation", "src\AuctionApp.Presentation\AuctionApp.Presentation.csproj", "{3DBDA3AB-1885-4D19-B087-36D9A30BE139}"
EndProject
Global
	GlobalSection(SolutionConfigurationPlatforms) = preSolution
		Debug|Any CPU = Debug|Any CPU
		Release|Any CPU = Release|Any CPU
	EndGlobalSection
	GlobalSection(ProjectConfigurationPlatforms) = postSolution
		{B764AB6B-0F5F-4B27-9B3B-8F9E3D1B4929}.Debug|Any CPU.ActiveCfg = Debug|Any CPU
		{B764AB6B-0F5F-4B27-9B3B-8F9E3D1B4929}.Debug|Any CPU.Build.0 = Debug|Any CPU
		{B764AB6B-0F5F-4B27-9B3B-8F9E3D1B4929}.Release|Any CPU.ActiveCfg = Release|Any CPU
		{B764AB6B-0F5F-4B27-9B3B-8F9E3D1B4929}.Release|Any CPU.Build.0 = Release|Any CPU
		{B4567A44-0C55-41F0-BCD9-2ED0F94F0077}.Debug|Any CPU.ActiveCfg = Debug|Any CPU
		{B4567A44-0C55-41F0-BCD9-2ED0F94F0077}.Debug|Any CPU.Build.0 = Debug|Any CPU
		{B4567A44-0C55-41F0-BCD9-2ED0F94F0077}.Release|Any CPU.ActiveCfg = Release|Any CPU
		{B4567A44-0C55-41F0-BCD9-2ED0F94F0077}.Release|Any CPU.Build.0 = Release|Any CPU
		{BA076AD2-EBE1-43E5-A3C5-C5443DB3C988}.Debug|Any CPU.ActiveCfg = Debug|Any CPU
		{BA076AD2-EBE1-43E5-A3C5-C5443DB3C988}.Debug|Any CPU.Build.0 = Debug|Any CPU
		{BA076AD2-EBE1-43E5-A3C5-C5443DB3C988}.Release|Any CPU.ActiveCfg = Release|Any CPU
		{BA076AD2-EBE1-43E5-A3C5-C5443DB3C988}.Release|Any CPU.Build.0 = Release|Any CPU
		{3DBDA3AB-1885-4D19-B087-36D9A30BE139}.Debug|Any CPU.ActiveCfg = Debug|Any CPU
		{3DBDA3AB-1885-4D19-B087-36D9A30BE139}.Debug|Any CPU.Build.0 = Debug|Any CPU
		{3DBDA3AB-1885-4D19-B087-36D9A30BE139}.Release|Any CPU.ActiveCfg = Release|Any CPU
		{3DBDA3AB-1885-4D19-B087-36D9A30BE139}.Release|Any CPU.Build.0 = Release|Any CPU
	EndGlobalSection
	GlobalSection(SolutionProperties) = preSolution
		HideSolutionNode = FALSE
	EndGlobalSection
	GlobalSection(NestedProjects) = preSolution
		{B764AB6B-0F5F-4B27-9B3B-8F9E3D1B4929} = {EF5097A2-4287-4B3A-8DC6-0AE6E7A1057F}
		{B4567A44-0C55-41F0-BCD9-2ED0F94F0077} = {EF5097A2-4287-4B3A-8DC6-0AE6E7A1057F}
		{BA076AD2-EBE1-43E5-A3C5-C5443DB3C988} = {EF5097A2-4287-4B3A-8DC6-0AE6E7A1057F}
		{3DBDA3AB-1885-4D19-B087-36D9A30BE139} = {EF5097A2-4287-4B3A-8DC6-0AE6E7A1057F}
	EndGlobalSection
	GlobalSection(ExtensibilityGlobals) = postSolution
		SolutionGuid = {D99F9264-4BC1-434C-AF71-C7FD5B861A44}
	EndGlobalSection
EndGlobal
